
Microsoft Visual Studio Solution File, Format Version 12.00
# Visual Studio 15
VisualStudioVersion = 15.0.28010.2019
MinimumVisualStudioVersion = 10.0.40219.1
Project("{FAE04EC0-301F-11D3-BF4B-00C04F79EFBC}") = "mvc-music-store", "mvc-music-store\mvc-music-store.csproj", "{02F801B6-8EE2-4F98-B322-65D33F259440}"
EndProject
Project("{FAE04EC0-301F-11D3-BF4B-00C04F79EFBC}") = "mvc-music-store.Tests", "mvc-music-store.Tests\mvc-music-store.Tests.csproj", "{31D032CF-9004-432E-9FAA-1B4546CB25BE}"
EndProject
Global
	GlobalSection(SolutionConfigurationPlatforms) = preSolution
		Debug|Any CPU = Debug|Any CPU
		Release|Any CPU = Release|Any CPU
	EndGlobalSection
	GlobalSection(ProjectConfigurationPlatforms) = postSolution
		{02F801B6-8EE2-4F98-B322-65D33F259440}.Debug|Any CPU.ActiveCfg = Debug|Any CPU
		{02F801B6-8EE2-4F98-B322-65D33F259440}.Debug|Any CPU.Build.0 = Debug|Any CPU
		{02F801B6-8EE2-4F98-B322-65D33F259440}.Release|Any CPU.ActiveCfg = Release|Any CPU
		{02F801B6-8EE2-4F98-B322-65D33F259440}.Release|Any CPU.Build.0 = Release|Any CPU
		{31D032CF-9004-432E-9FAA-1B4546CB25BE}.Debug|Any CPU.ActiveCfg = Debug|Any CPU
		{31D032CF-9004-432E-9FAA-1B4546CB25BE}.Debug|Any CPU.Build.0 = Debug|Any CPU
		{31D032CF-9004-432E-9FAA-1B4546CB25BE}.Release|Any CPU.ActiveCfg = Release|Any CPU
		{31D032CF-9004-432E-9FAA-1B4546CB25BE}.Release|Any CPU.Build.0 = Release|Any CPU
	EndGlobalSection
	GlobalSection(SolutionProperties) = preSolution
		HideSolutionNode = FALSE
	EndGlobalSection
	GlobalSection(ExtensibilityGlobals) = postSolution
		SolutionGuid = {418D3705-A770-4F7D-9219-CB8C395CBD28}
	EndGlobalSection
EndGlobal
